
Microsoft Visual Studio Solution File, Format Version 12.00
# Visual Studio Version 17
VisualStudioVersion = 17.9.34728.123
MinimumVisualStudioVersion = 10.0.40219.1
Project("{FAE04EC0-301F-11D3-BF4B-00C04F79EFBC}") = "TestWin8ProgressRing", "TestWin8ProgressRing.csproj", "{3FEC997D-18A1-4406-9986-989395B3698B}"
EndProject
Global
	GlobalSection(SolutionConfigurationPlatforms) = preSolution
		Debug|Any CPU = Debug|Any CPU
		Release|Any CPU = Release|Any CPU
	EndGlobalSection
	GlobalSection(ProjectConfigurationPlatforms) = postSolution
		{3FEC997D-18A1-4406-9986-989395B3698B}.Debug|Any CPU.ActiveCfg = Debug|Any CPU
		{3FEC997D-18A1-4406-9986-989395B3698B}.Debug|Any CPU.Build.0 = Debug|Any CPU
		{3FEC997D-18A1-4406-9986-989395B3698B}.Release|Any CPU.ActiveCfg = Release|Any CPU
		{3FEC997D-18A1-4406-9986-989395B3698B}.Release|Any CPU.Build.0 = Release|Any CPU
	EndGlobalSection
	GlobalSection(SolutionProperties) = preSolution
		HideSolutionNode = FALSE
	EndGlobalSection
	GlobalSection(ExtensibilityGlobals) = postSolution
		SolutionGuid = {6491296D-FD7C-4062-BD12-ABF5DA7BA196}
	EndGlobalSection
EndGlobal
